{
    "_readme": [
        "This file locks the dependencies of your project to a known state",
        "Read more about it at https://getcomposer.org/doc/01-basic-usage.md#composer-lock-the-lock-file",
        "This file is @generated automatically"
    ],
    "content-hash": "1d3b49b6d34154ed089a78b1a7174f30",
    "packages": [
        {
            "name": "bocharsky-bw/arrayzy",
            "version": "v0.6.1",
            "source": {
                "type": "git",
                "url": "https://github.com/bocharsky-bw/Arrayzy.git",
                "reference": "2df9806a5c2383fd74992b95ec06a765da9262fd"
            },
            "dist": {
                "type": "zip",
                "url": "https://api.github.com/repos/bocharsky-bw/Arrayzy/zipball/2df9806a5c2383fd74992b95ec06a765da9262fd",
                "reference": "2df9806a5c2383fd74992b95ec06a765da9262fd",
                "shasum": ""
            },
            "require": {
                "ext-json": "*",
                "php": ">=5.4"
            },
            "require-dev": {
                "phpunit/phpunit": "^4.5|^5.0"
            },
            "type": "library",
            "autoload": {
                "psr-4": {
                    "Arrayzy\\": "src/"
                }
            },
            "notification-url": "https://packagist.org/downloads/",
            "license": [
                "MIT"
            ],
            "authors": [
                {
                    "name": "Bocharsky Victor",
                    "email": "bocharsky.bw@gmail.com"
                }
            ],
            "description": "A native PHP arrays easy manipulation library in OOP way.",
            "homepage": "https://github.com/bocharsky-bw/Arrayzy",
            "keywords": [
                "OOP",
                "array",
                "arrayzy",
                "helper",
                "manipulation",
                "utility",
                "wrapper"
            ],
            "time": "2016-07-20T17:49:22+00:00"
        },
        {
            "name": "noetix/simple-orm",
            "version": "dev-master",
            "source": {
                "type": "git",
                "url": "https://github.com/noetix/Simple-ORM.git",
                "reference": "708a63d7e44e9ed8b18c537c7d46b968e7bd2697"
            },
            "dist": {
                "type": "zip",
                "url": "https://api.github.com/repos/noetix/Simple-ORM/zipball/708a63d7e44e9ed8b18c537c7d46b968e7bd2697",
                "reference": "708a63d7e44e9ed8b18c537c7d46b968e7bd2697",
                "shasum": ""
            },
            "type": "library",
            "license": [
                "MIT"
            ],
            "authors": [
                {
                    "name": "Alex Joyce",
                    "email": "im@alex-joyce.com"
                }
            ],
            "description": "A simple PHP class to access your MySQL records.",
            "keywords": [
                "database",
                "mysql",
                "orm"
            ],
            "support": {
                "source": "https://github.com/noetix/Simple-ORM/tree/master",
                "issues": "https://github.com/noetix/Simple-ORM/issues"
            },
            "time": "2016-12-11T03:41:19+00:00"
        },
        {
            "name": "nuovo/spreadsheet-reader",
            "version": "0.5.11",
            "source": {
                "type": "git",
                "url": "https://github.com/nuovo/spreadsheet-reader.git",
                "reference": "f6bd49d101042eaa71b0fbd82e7a57e5a276dc3d"
            },
            "dist": {
                "type": "zip",
                "url": "https://api.github.com/repos/nuovo/spreadsheet-reader/zipball/f6bd49d101042eaa71b0fbd82e7a57e5a276dc3d",
                "reference": "f6bd49d101042eaa71b0fbd82e7a57e5a276dc3d",
                "shasum": ""
            },
            "require": {
                "ext-zip": "*",
                "php": ">= 5.3.0"
            },
            "type": "library",
            "autoload": {
                "classmap": [
                    "./"
                ]
            },
            "license": [
                "MIT"
            ],
            "authors": [
                {
                    "name": "Martins Pilsetnieks",
                    "email": "pilsetnieks@gmail.com",
                    "homepage": "http://www.nuovo.lv/"
                }
            ],
            "description": "Spreadsheet reader library for Excel, OpenOffice and structured text files",
            "homepage": "https://github.com/nuovo/spreadsheet-reader",
            "keywords": [
                "csv",
                "excel",
                "ods",
                "openoffice",
                "spreadsheet",
                "xls",
                "xlsx"
            ],
            "support": {
                "email": "spreadsheet-reader@nuovo.lv",
                "source": "https://github.com/nuovo/spreadsheet-reader/tree/v0.5.11",
                "issues": "https://github.com/nuovo/spreadsheet-reader/issues"
            },
            "time": "2015-04-30T00:00:00+00:00"
        },
        {
            "name": "phpmailer/phpmailer",
            "version": "v6.0.5",
            "source": {
                "type": "git",
                "url": "https://github.com/PHPMailer/PHPMailer.git",
                "reference": "cb3ea134d4d3729e7857737d5f320cce9caf4d32"
            },
            "dist": {
                "type": "zip",
                "url": "https://api.github.com/repos/PHPMailer/PHPMailer/zipball/cb3ea134d4d3729e7857737d5f320cce9caf4d32",
                "reference": "cb3ea134d4d3729e7857737d5f320cce9caf4d32",
                "shasum": ""
            },
            "require": {
                "ext-ctype": "*",
                "ext-filter": "*",
                "php": ">=5.5.0"
            },
            "require-dev": {
                "doctrine/annotations": "1.2.*",
                "friendsofphp/php-cs-fixer": "^2.2",
                "phpdocumentor/phpdocumentor": "2.*",
                "phpunit/phpunit": "^4.8 || ^5.7",
                "zendframework/zend-eventmanager": "3.0.*",
                "zendframework/zend-i18n": "2.7.3",
                "zendframework/zend-serializer": "2.7.*"
            },
            "suggest": {
                "ext-mbstring": "Needed to send email in multibyte encoding charset",
                "hayageek/oauth2-yahoo": "Needed for Yahoo XOAUTH2 authentication",
                "league/oauth2-google": "Needed for Google XOAUTH2 authentication",
                "psr/log": "For optional PSR-3 debug logging",
                "stevenmaguire/oauth2-microsoft": "Needed for Microsoft XOAUTH2 authentication",
                "symfony/polyfill-mbstring": "To support UTF-8 if the Mbstring PHP extension is not enabled (^1.2)"
            },
            "type": "library",
            "autoload": {
                "psr-4": {
                    "PHPMailer\\PHPMailer\\": "src/"
                }
            },
            "notification-url": "https://packagist.org/downloads/",
            "license": [
                "LGPL-2.1"
            ],
            "authors": [
                {
                    "name": "Jim Jagielski",
                    "email": "jimjag@gmail.com"
                },
                {
                    "name": "Marcus Bointon",
                    "email": "phpmailer@synchromedia.co.uk"
                },
                {
                    "name": "Andy Prevost",
                    "email": "codeworxtech@users.sourceforge.net"
                },
                {
                    "name": "Brent R. Matzelle"
                }
            ],
            "description": "PHPMailer is a full-featured email creation and transfer class for PHP",
            "time": "2018-03-27T13:49:45+00:00"
        }
    ],
    "packages-dev": [],
    "aliases": [],
    "minimum-stability": "stable",
    "stability-flags": {
        "noetix/simple-orm": 20
    },
    "prefer-stable": false,
    "prefer-lowest": false,
    "platform": [],
    "platform-dev": []
}
